
Microsoft Visual Studio Solution File, Format Version 12.00
# Visual Studio 2013
VisualStudioVersion = 12.0.21005.1
MinimumVisualStudioVersion = 10.0.40219.1
Project("{FAE04EC0-301F-11D3-BF4B-00C04F79EFBC}") = "PDELessonsLearned", "PDELessonsLearned\PDELessonsLearned.csproj", "{E7625FB9-CA01-491E-BA9F-7D3E2B350415}"
EndProject
Project("{FAE04EC0-301F-11D3-BF4B-00C04F79EFBC}") = "LessonsLearned", "LessonsLearned\LessonsLearned.csproj", "{03EC80C8-C0BC-4DAA-B02C-C26EA0D035E2}"
EndProject
Project("{8D9C8A9D-5DED-4B64-BF65-B598BA549D93}") = "LessonsLearnedClient", "LessonsLearnedClient\LessonsLearnedClient.lsxproj", "{C309A176-39EA-4C8E-9911-F6C8DF6EC4C4}"
EndProject
Project("{FAE04EC0-301F-11D3-BF4B-00C04F79EFBC}") = "LessonsLearnedClient.Server", "LessonsLearnedClient\LessonsLearnedClient.Server\LessonsLearnedClient.Server.csproj", "{5EF3D8A3-173E-47A8-86F5-12BD2187E597}"
EndProject
Project("{262852C6-CD72-467D-83FE-5EEB1973A190}") = "LessonsLearnedClient.HTMLClient", "LessonsLearnedClient\LessonsLearnedClient.HTMLClient\LessonsLearnedClient.HTMLClient.jsproj", "{E2A347A3-BE0C-486D-9EB4-AE49FE9EF706}"
EndProject
Project("{FAE04EC0-301F-11D3-BF4B-00C04F79EFBC}") = "LessonsLearnedSL", "LessonsLearnedSL\LessonsLearnedSL.csproj", "{15E049DA-E25E-4271-87D0-9E32650608D0}"
EndProject
Global
	GlobalSection(SolutionConfigurationPlatforms) = preSolution
		Debug|Any CPU = Debug|Any CPU
		Release|Any CPU = Release|Any CPU
	EndGlobalSection
	GlobalSection(ProjectConfigurationPlatforms) = postSolution
		{E7625FB9-CA01-491E-BA9F-7D3E2B350415}.Debug|Any CPU.ActiveCfg = Debug|Any CPU
		{E7625FB9-CA01-491E-BA9F-7D3E2B350415}.Debug|Any CPU.Build.0 = Debug|Any CPU
		{E7625FB9-CA01-491E-BA9F-7D3E2B350415}.Debug|Any CPU.Deploy.0 = Debug|Any CPU
		{E7625FB9-CA01-491E-BA9F-7D3E2B350415}.Release|Any CPU.ActiveCfg = Release|Any CPU
		{E7625FB9-CA01-491E-BA9F-7D3E2B350415}.Release|Any CPU.Build.0 = Release|Any CPU
		{E7625FB9-CA01-491E-BA9F-7D3E2B350415}.Release|Any CPU.Deploy.0 = Release|Any CPU
		{03EC80C8-C0BC-4DAA-B02C-C26EA0D035E2}.Debug|Any CPU.ActiveCfg = Debug|Any CPU
		{03EC80C8-C0BC-4DAA-B02C-C26EA0D035E2}.Debug|Any CPU.Build.0 = Debug|Any CPU
		{03EC80C8-C0BC-4DAA-B02C-C26EA0D035E2}.Release|Any CPU.ActiveCfg = Release|Any CPU
		{03EC80C8-C0BC-4DAA-B02C-C26EA0D035E2}.Release|Any CPU.Build.0 = Release|Any CPU
		{C309A176-39EA-4C8E-9911-F6C8DF6EC4C4}.Debug|Any CPU.ActiveCfg = Debug|Any CPU
		{C309A176-39EA-4C8E-9911-F6C8DF6EC4C4}.Debug|Any CPU.Build.0 = Debug|Any CPU
		{C309A176-39EA-4C8E-9911-F6C8DF6EC4C4}.Release|Any CPU.ActiveCfg = Release|Any CPU
		{C309A176-39EA-4C8E-9911-F6C8DF6EC4C4}.Release|Any CPU.Build.0 = Release|Any CPU
		{5EF3D8A3-173E-47A8-86F5-12BD2187E597}.Debug|Any CPU.ActiveCfg = Debug|Any CPU
		{5EF3D8A3-173E-47A8-86F5-12BD2187E597}.Debug|Any CPU.Build.0 = Debug|Any CPU
		{5EF3D8A3-173E-47A8-86F5-12BD2187E597}.Release|Any CPU.ActiveCfg = Release|Any CPU
		{5EF3D8A3-173E-47A8-86F5-12BD2187E597}.Release|Any CPU.Build.0 = Release|Any CPU
		{E2A347A3-BE0C-486D-9EB4-AE49FE9EF706}.Debug|Any CPU.ActiveCfg = Debug|Any CPU
		{E2A347A3-BE0C-486D-9EB4-AE49FE9EF706}.Debug|Any CPU.Build.0 = Debug|Any CPU
		{E2A347A3-BE0C-486D-9EB4-AE49FE9EF706}.Release|Any CPU.ActiveCfg = Release|Any CPU
		{E2A347A3-BE0C-486D-9EB4-AE49FE9EF706}.Release|Any CPU.Build.0 = Release|Any CPU
		{15E049DA-E25E-4271-87D0-9E32650608D0}.Debug|Any CPU.ActiveCfg = Debug|Any CPU
		{15E049DA-E25E-4271-87D0-9E32650608D0}.Debug|Any CPU.Build.0 = Debug|Any CPU
		{15E049DA-E25E-4271-87D0-9E32650608D0}.Release|Any CPU.ActiveCfg = Release|Any CPU
		{15E049DA-E25E-4271-87D0-9E32650608D0}.Release|Any CPU.Build.0 = Release|Any CPU
	EndGlobalSection
	GlobalSection(SolutionProperties) = preSolution
		HideSolutionNode = FALSE
	EndGlobalSection
EndGlobal
